{
  "name": "voronoi.sk",
  "version": "0.1.0",
  "lockfileVersion": 1,
  "dependencies": {
    "fast-watch": {
      "version": "1.0.0",
      "resolved": "https://registry.npmjs.org/fast-watch/-/fast-watch-1.0.0.tgz",
      "integrity": "sha1-gZRKwcg7sL9XUpMSKFIG1y4x5cA=",
      "dev": true
    },
    "glslx": {
      "version": "0.1.25",
      "resolved": "https://registry.npmjs.org/glslx/-/glslx-0.1.25.tgz",
      "integrity": "sha1-ZNihqvy6FASKo+08OCjH/QTqqzY=",
      "dev": true
    },
    "skew": {
      "version": "0.7.42",
      "resolved": "https://registry.npmjs.org/skew/-/skew-0.7.42.tgz",
      "integrity": "sha1-cAh5If3O6eLL7ZMDFFODfDLlMlM=",
      "dev": true
    }
  }
}
